// !$*UTF8*$!
{
	archiveVersion = 1;
	classes = {
	};
	objectVersion = 50;
	objects = {

/* Begin PBXBuildFile section */
		C5C42F402545C1A2005F1542 /* JokeViewController.swift in Sources */ = {isa = PBXBuildFile; fileRef = C5C42F3F2545C1A2005F1542 /* JokeViewController.swift */; };
		C5C42F432545C329005F1542 /* Joke.swift in Sources */ = {isa = PBXBuildFile; fileRef = C5C42F422545C329005F1542 /* Joke.swift */; };
		C5C42F462545CF9D005F1542 /* StorageManager.swift in Sources */ = {isa = PBXBuildFile; fileRef = C5C42F452545CF9D005F1542 /* StorageManager.swift */; };
		C5C42F492545D2A6005F1542 /* FavoritesTableViewController.swift in Sources */ = {isa = PBXBuildFile; fileRef = C5C42F482545D2A6005F1542 /* FavoritesTableViewController.swift */; };
		C5C42F502545D616005F1542 /* JokeTableViewCell.swift in Sources */ = {isa = PBXBuildFile; fileRef = C5C42F4E2545D616005F1542 /* JokeTableViewCell.swift */; };
		C5EE21B52545B3680054715C /* AppDelegate.swift in Sources */ = {isa = PBXBuildFile; fileRef = C5EE21B42545B3680054715C /* AppDelegate.swift */; };
		C5EE21B72545B3680054715C /* SceneDelegate.swift in Sources */ = {isa = PBXBuildFile; fileRef = C5EE21B62545B3680054715C /* SceneDelegate.swift */; };
		C5EE21BC2545B3680054715C /* Main.storyboard in Resources */ = {isa = PBXBuildFile; fileRef = C5EE21BA2545B3680054715C /* Main.storyboard */; };
		C5EE21BE2545B36C0054715C /* Assets.xcassets in Resources */ = {isa = PBXBuildFile; fileRef = C5EE21BD2545B36C0054715C /* Assets.xcassets */; };
		C5EE21C12545B36C0054715C /* LaunchScreen.storyboard in Resources */ = {isa = PBXBuildFile; fileRef = C5EE21BF2545B36C0054715C /* LaunchScreen.storyboard */; };
		C5EE21CE2545B6DC0054715C /* NetworkManager.swift in Sources */ = {isa = PBXBuildFile; fileRef = C5EE21CD2545B6DC0054715C /* NetworkManager.swift */; };
		C5EE21D82545BA7A0054715C /* CategoriesTableViewController.swift in Sources */ = {isa = PBXBuildFile; fileRef = C5EE21D72545BA7A0054715C /* CategoriesTableViewController.swift */; };
/* End PBXBuildFile section */

/* Begin PBXFileReference section */
		C5C42F3F2545C1A2005F1542 /* JokeViewController.swift */ = {isa = PBXFileReference; lastKnownFileType = sourcecode.swift; path = JokeViewController.swift; sourceTree = "<group>"; };
		C5C42F422545C329005F1542 /* Joke.swift */ = {isa = PBXFileReference; lastKnownFileType = sourcecode.swift; path = Joke.swift; sourceTree = "<group>"; };
		C5C42F452545CF9D005F1542 /* StorageManager.swift */ = {isa = PBXFileReference; lastKnownFileType = sourcecode.swift; path = StorageManager.swift; sourceTree = "<group>"; };
		C5C42F482545D2A6005F1542 /* FavoritesTableViewController.swift */ = {isa = PBXFileReference; lastKnownFileType = sourcecode.swift; path = FavoritesTableViewController.swift; sourceTree = "<group>"; };
		C5C42F4E2545D616005F1542 /* JokeTableViewCell.swift */ = {isa = PBXFileReference; lastKnownFileType = sourcecode.swift; path = JokeTableViewCell.swift; sourceTree = "<group>"; };
		C5EE21B12545B3680054715C /* ChuckNorrisJokes.app */ = {isa = PBXFileReference; explicitFileType = wrapper.application; includeInIndex = 0; path = ChuckNorrisJokes.app; sourceTree = BUILT_PRODUCTS_DIR; };
		C5EE21B42545B3680054715C /* AppDelegate.swift */ = {isa = PBXFileReference; lastKnownFileType = sourcecode.swift; path = AppDelegate.swift; sourceTree = "<group>"; };
		C5EE21B62545B3680054715C /* SceneDelegate.swift */ = {isa = PBXFileReference; lastKnownFileType = sourcecode.swift; path = SceneDelegate.swift; sourceTree = "<group>"; };
		C5EE21BB2545B3680054715C /* Base */ = {isa = PBXFileReference; lastKnownFileType = file.storyboard; name = Base; path = Base.lproj/Main.storyboard; sourceTree = "<group>"; };
		C5EE21BD2545B36C0054715C /* Assets.xcassets */ = {isa = PBXFileReference; lastKnownFileType = folder.assetcatalog; path = Assets.xcassets; sourceTree = "<group>"; };
		C5EE21C02545B36C0054715C /* Base */ = {isa = PBXFileReference; lastKnownFileType = file.storyboard; name = Base; path = Base.lproj/LaunchScreen.storyboard; sourceTree = "<group>"; };
		C5EE21C22545B36C0054715C /* Info.plist */ = {isa = PBXFileReference; lastKnownFileType = text.plist.xml; path = Info.plist; sourceTree = "<group>"; };
		C5EE21CD2545B6DC0054715C /* NetworkManager.swift */ = {isa = PBXFileReference; lastKnownFileType = sourcecode.swift; path = NetworkManager.swift; sourceTree = "<group>"; };
		C5EE21D72545BA7A0054715C /* CategoriesTableViewController.swift */ = {isa = PBXFileReference; lastKnownFileType = sourcecode.swift; path = CategoriesTableViewController.swift; sourceTree = "<group>"; };
/* End PBXFileReference section */

/* Begin PBXFrameworksBuildPhase section */
		C5EE21AE2545B3680054715C /* Frameworks */ = {
			isa = PBXFrameworksBuildPhase;
			buildActionMask = 2147483647;
			files = (
			);
			runOnlyForDeploymentPostprocessing = 0;
		};
/* End PBXFrameworksBuildPhase section */

/* Begin PBXGroup section */
		C5EE21A82545B3680054715C = {
			isa = PBXGroup;
			children = (
				C5EE21B32545B3680054715C /* ChuckNorrisJokes */,
				C5EE21B22545B3680054715C /* Products */,
			);
			sourceTree = "<group>";
		};
		C5EE21B22545B3680054715C /* Products */ = {
			isa = PBXGroup;
			children = (
				C5EE21B12545B3680054715C /* ChuckNorrisJokes.app */,
			);
			name = Products;
			sourceTree = "<group>";
		};
		C5EE21B32545B3680054715C /* ChuckNorrisJokes */ = {
			isa = PBXGroup;
			children = (
				C5EE21B42545B3680054715C /* AppDelegate.swift */,
				C5EE21B62545B3680054715C /* SceneDelegate.swift */,
				C5EE21D32545BA3D0054715C /* Models */,
				C5EE21D42545BA4F0054715C /* Views */,
				C5EE21D62545BA660054715C /* Controllers */,
				C5EE21C22545B36C0054715C /* Info.plist */,
			);
			path = ChuckNorrisJokes;
			sourceTree = "<group>";
		};
		C5EE21D32545BA3D0054715C /* Models */ = {
			isa = PBXGroup;
			children = (
				C5EE21CD2545B6DC0054715C /* NetworkManager.swift */,
				C5C42F452545CF9D005F1542 /* StorageManager.swift */,
				C5C42F422545C329005F1542 /* Joke.swift */,
			);
			path = Models;
			sourceTree = "<group>";
		};
		C5EE21D42545BA4F0054715C /* Views */ = {
			isa = PBXGroup;
			children = (
				C5EE21BA2545B3680054715C /* Main.storyboard */,
				C5EE21BD2545B36C0054715C /* Assets.xcassets */,
				C5EE21BF2545B36C0054715C /* LaunchScreen.storyboard */,
				C5C42F4E2545D616005F1542 /* JokeTableViewCell.swift */,
			);
			path = Views;
			sourceTree = "<group>";
		};
		C5EE21D62545BA660054715C /* Controllers */ = {
			isa = PBXGroup;
			children = (
				C5EE21D72545BA7A0054715C /* CategoriesTableViewController.swift */,
				C5C42F3F2545C1A2005F1542 /* JokeViewController.swift */,
				C5C42F482545D2A6005F1542 /* FavoritesTableViewController.swift */,
			);
			path = Controllers;
			sourceTree = "<group>";
		};
/* End PBXGroup section */

/* Begin PBXNativeTarget section */
		C5EE21B02545B3680054715C /* ChuckNorrisJokes */ = {
			isa = PBXNativeTarget;
			buildConfigurationList = C5EE21C52545B36C0054715C /* Build configuration list for PBXNativeTarget "ChuckNorrisJokes" */;
			buildPhases = (
				C5EE21AD2545B3680054715C /* Sources */,
				C5EE21AE2545B3680054715C /* Frameworks */,
				C5EE21AF2545B3680054715C /* Resources */,
			);
			buildRules = (
			);
			dependencies = (
			);
			name = ChuckNorrisJokes;
			productName = ChuckNorrisJokes;
			productReference = C5EE21B12545B3680054715C /* ChuckNorrisJokes.app */;
			productType = "com.apple.product-type.application";
		};
/* End PBXNativeTarget section */

/* Begin PBXProject section */
		C5EE21A92545B3680054715C /* Project object */ = {
			isa = PBXProject;
			attributes = {
				LastSwiftUpdateCheck = 1210;
				LastUpgradeCheck = 1210;
				TargetAttributes = {
					C5EE21B02545B3680054715C = {
						CreatedOnToolsVersion = 12.1;
					};
				};
			};
			buildConfigurationList = C5EE21AC2545B3680054715C /* Build configuration list for PBXProject "ChuckNorrisJokes" */;
			compatibilityVersion = "Xcode 9.3";
			developmentRegion = en;
			hasScannedForEncodings = 0;
			knownRegions = (
				en,
				Base,
			);
			mainGroup = C5EE21A82545B3680054715C;
			productRefGroup = C5EE21B22545B3680054715C /* Products */;
			projectDirPath = "";
			projectRoot = "";
			targets = (
				C5EE21B02545B3680054715C /* ChuckNorrisJokes */,
			);
		};
/* End PBXProject section */

/* Begin PBXResourcesBuildPhase section */
		C5EE21AF2545B3680054715C /* Resources */ = {
			isa = PBXResourcesBuildPhase;
			buildActionMask = 2147483647;
			files = (
				C5EE21C12545B36C0054715C /* LaunchScreen.storyboard in Resources */,
				C5EE21BE2545B36C0054715C /* Assets.xcassets in Resources */,
				C5EE21BC2545B3680054715C /* Main.storyboard in Resources */,
			);
			runOnlyForDeploymentPostprocessing = 0;
		};
/* End PBXResourcesBuildPhase section */

/* Begin PBXSourcesBuildPhase section */
		C5EE21AD2545B3680054715C /* Sources */ = {
			isa = PBXSourcesBuildPhase;
			buildActionMask = 2147483647;
			files = (
				C5EE21CE2545B6DC0054715C /* NetworkManager.swift in Sources */,
				C5EE21B52545B3680054715C /* AppDelegate.swift in Sources */,
				C5EE21B72545B3680054715C /* SceneDelegate.swift in Sources */,
				C5C42F492545D2A6005F1542 /* FavoritesTableViewController.swift in Sources */,
				C5EE21D82545BA7A0054715C /* CategoriesTableViewController.swift in Sources */,
				C5C42F402545C1A2005F1542 /* JokeViewController.swift in Sources */,
				C5C42F432545C329005F1542 /* Joke.swift in Sources */,
				C5C42F462545CF9D005F1542 /* StorageManager.swift in Sources */,
				C5C42F502545D616005F1542 /* JokeTableViewCell.swift in Sources */,
			);
			runOnlyForDeploymentPostprocessing = 0;
		};
/* End PBXSourcesBuildPhase section */

/* Begin PBXVariantGroup section */
		C5EE21BA2545B3680054715C /* Main.storyboard */ = {
			isa = PBXVariantGroup;
			children = (
				C5EE21BB2545B3680054715C /* Base */,
			);
			name = Main.storyboard;
			sourceTree = "<group>";
		};
		C5EE21BF2545B36C0054715C /* LaunchScreen.storyboard */ = {
			isa = PBXVariantGroup;
			children = (
				C5EE21C02545B36C0054715C /* Base */,
			);
			name = LaunchScreen.storyboard;
			sourceTree = "<group>";
		};
/* End PBXVariantGroup section */

/* Begin XCBuildConfiguration section */
		C5EE21C32545B36C0054715C /* Debug */ = {
			isa = XCBuildConfiguration;
			buildSettings = {
				ALWAYS_SEARCH_USER_PATHS = NO;
				CLANG_ANALYZER_NONNULL = YES;
				CLANG_ANALYZER_NUMBER_OBJECT_CONVERSION = YES_AGGRESSIVE;
				CLANG_CXX_LANGUAGE_STANDARD = "gnu++14";
				CLANG_CXX_LIBRARY = "libc++";
				CLANG_ENABLE_MODULES = YES;
				CLANG_ENABLE_OBJC_ARC = YES;
				CLANG_ENABLE_OBJC_WEAK = YES;
				CLANG_WARN_BLOCK_CAPTURE_AUTORELEASING = YES;
				CLANG_WARN_BOOL_CONVERSION = YES;
				CLANG_WARN_COMMA = YES;
				CLANG_WARN_CONSTANT_CONVERSION = YES;
				CLANG_WARN_DEPRECATED_OBJC_IMPLEMENTATIONS = YES;
				CLANG_WARN_DIRECT_OBJC_ISA_USAGE = YES_ERROR;
				CLANG_WARN_DOCUMENTATION_COMMENTS = YES;
				CLANG_WARN_EMPTY_BODY = YES;
				CLANG_WARN_ENUM_CONVERSION = YES;
				CLANG_WARN_INFINITE_RECURSION = YES;
				CLANG_WARN_INT_CONVERSION = YES;
				CLANG_WARN_NON_LITERAL_NULL_CONVERSION = YES;
				CLANG_WARN_OBJC_IMPLICIT_RETAIN_SELF = YES;
				CLANG_WARN_OBJC_LITERAL_CONVERSION = YES;
				CLANG_WARN_OBJC_ROOT_CLASS = YES_ERROR;
				CLANG_WARN_QUOTED_INCLUDE_IN_FRAMEWORK_HEADER = YES;
				CLANG_WARN_RANGE_LOOP_ANALYSIS = YES;
				CLANG_WARN_STRICT_PROTOTYPES = YES;
				CLANG_WARN_SUSPICIOUS_MOVE = YES;
				CLANG_WARN_UNGUARDED_AVAILABILITY = YES_AGGRESSIVE;
				CLANG_WARN_UNREACHABLE_CODE = YES;
				CLANG_WARN__DUPLICATE_METHOD_MATCH = YES;
				COPY_PHASE_STRIP = NO;
				DEBUG_INFORMATION_FORMAT = dwarf;
				ENABLE_STRICT_OBJC_MSGSEND = YES;
				ENABLE_TESTABILITY = YES;
				GCC_C_LANGUAGE_STANDARD = gnu11;
				GCC_DYNAMIC_NO_PIC = NO;
				GCC_NO_COMMON_BLOCKS = YES;
				GCC_OPTIMIZATION_LEVEL = 0;
				GCC_PREPROCESSOR_DEFINITIONS = (
					"DEBUG=1",
					"$(inherited)",
				);
				GCC_WARN_64_TO_32_BIT_CONVERSION = YES;
				GCC_WARN_ABOUT_RETURN_TYPE = YES_ERROR;
				GCC_WARN_UNDECLARED_SELECTOR = YES;
				GCC_WARN_UNINITIALIZED_AUTOS = YES_AGGRESSIVE;
				GCC_WARN_UNUSED_FUNCTION = YES;
				GCC_WARN_UNUSED_VARIABLE = YES;
				IPHONEOS_DEPLOYMENT_TARGET = 14.1;
				MTL_ENABLE_DEBUG_INFO = INCLUDE_SOURCE;
				MTL_FAST_MATH = YES;
				ONLY_ACTIVE_ARCH = YES;
				SDKROOT = iphoneos;
				SWIFT_ACTIVE_COMPILATION_CONDITIONS = DEBUG;
				SWIFT_OPTIMIZATION_LEVEL = "-Onone";
			};
			name = Debug;
		};
		C5EE21C42545B36C0054715C /* Release */ = {
			isa = XCBuildConfiguration;
			buildSettings = {
				ALWAYS_SEARCH_USER_PATHS = NO;
				CLANG_ANALYZER_NONNULL = YES;
				CLANG_ANALYZER_NUMBER_OBJECT_CONVERSION = YES_AGGRESSIVE;
				CLANG_CXX_LANGUAGE_STANDARD = "gnu++14";
				CLANG_CXX_LIBRARY = "libc++";
				CLANG_ENABLE_MODULES = YES;
				CLANG_ENABLE_OBJC_ARC = YES;
				CLANG_ENABLE_OBJC_WEAK = YES;
				CLANG_WARN_BLOCK_CAPTURE_AUTORELEASING = YES;
				CLANG_WARN_BOOL_CONVERSION = YES;
				CLANG_WARN_COMMA = YES;
				CLANG_WARN_CONSTANT_CONVERSION = YES;
				CLANG_WARN_DEPRECATED_OBJC_IMPLEMENTATIONS = YES;
				CLANG_WARN_DIRECT_OBJC_ISA_USAGE = YES_ERROR;
				CLANG_WARN_DOCUMENTATION_COMMENTS = YES;
				CLANG_WARN_EMPTY_BODY = YES;
				CLANG_WARN_ENUM_CONVERSION = YES;
				CLANG_WARN_INFINITE_RECURSION = YES;
				CLANG_WARN_INT_CONVERSION = YES;
				CLANG_WARN_NON_LITERAL_NULL_CONVERSION = YES;
				CLANG_WARN_OBJC_IMPLICIT_RETAIN_SELF = YES;
				CLANG_WARN_OBJC_LITERAL_CONVERSION = YES;
				CLANG_WARN_OBJC_ROOT_CLASS = YES_ERROR;
				CLANG_WARN_QUOTED_INCLUDE_IN_FRAMEWORK_HEADER = YES;
				CLANG_WARN_RANGE_LOOP_ANALYSIS = YES;
				CLANG_WARN_STRICT_PROTOTYPES = YES;
				CLANG_WARN_SUSPICIOUS_MOVE = YES;
				CLANG_WARN_UNGUARDED_AVAILABILITY = YES_AGGRESSIVE;
				CLANG_WARN_UNREACHABLE_CODE = YES;
				CLANG_WARN__DUPLICATE_METHOD_MATCH = YES;
				COPY_PHASE_STRIP = NO;
				DEBUG_INFORMATION_FORMAT = "dwarf-with-dsym";
				ENABLE_NS_ASSERTIONS = NO;
				ENABLE_STRICT_OBJC_MSGSEND = YES;
				GCC_C_LANGUAGE_STANDARD = gnu11;
				GCC_NO_COMMON_BLOCKS = YES;
				GCC_WARN_64_TO_32_BIT_CONVERSION = YES;
				GCC_WARN_ABOUT_RETURN_TYPE = YES_ERROR;
				GCC_WARN_UNDECLARED_SELECTOR = YES;
				GCC_WARN_UNINITIALIZED_AUTOS = YES_AGGRESSIVE;
				GCC_WARN_UNUSED_FUNCTION = YES;
				GCC_WARN_UNUSED_VARIABLE = YES;
				IPHONEOS_DEPLOYMENT_TARGET = 14.1;
				MTL_ENABLE_DEBUG_INFO = NO;
				MTL_FAST_MATH = YES;
				SDKROOT = iphoneos;
				SWIFT_COMPILATION_MODE = wholemodule;
				SWIFT_OPTIMIZATION_LEVEL = "-O";
				VALIDATE_PRODUCT = YES;
			};
			name = Release;
		};
		C5EE21C62545B36C0054715C /* Debug */ = {
			isa = XCBuildConfiguration;
			buildSettings = {
				ASSETCATALOG_COMPILER_APPICON_NAME = AppIcon;
				ASSETCATALOG_COMPILER_GLOBAL_ACCENT_COLOR_NAME = AccentColor;
				CODE_SIGN_STYLE = Automatic;
				INFOPLIST_FILE = ChuckNorrisJokes/Info.plist;
				LD_RUNPATH_SEARCH_PATHS = (
					"$(inherited)",
					"@executable_path/Frameworks",
				);
				PRODUCT_BUNDLE_IDENTIFIER = com.icloud.radahristov.ChuckNorrisJokes;
				PRODUCT_NAME = "$(TARGET_NAME)";
				SWIFT_VERSION = 5.0;
				TARGETED_DEVICE_FAMILY = "1,2";
			};
			name = Debug;
		};
		C5EE21C72545B36C0054715C /* Release */ = {
			isa = XCBuildConfiguration;
			buildSettings = {
				ASSETCATALOG_COMPILER_APPICON_NAME = AppIcon;
				ASSETCATALOG_COMPILER_GLOBAL_ACCENT_COLOR_NAME = AccentColor;
				CODE_SIGN_STYLE = Automatic;
				INFOPLIST_FILE = ChuckNorrisJokes/Info.plist;
				LD_RUNPATH_SEARCH_PATHS = (
					"$(inherited)",
					"@executable_path/Frameworks",
				);
				PRODUCT_BUNDLE_IDENTIFIER = com.icloud.radahristov.ChuckNorrisJokes;
				PRODUCT_NAME = "$(TARGET_NAME)";
				SWIFT_VERSION = 5.0;
				TARGETED_DEVICE_FAMILY = "1,2";
			};
			name = Release;
		};
/* End XCBuildConfiguration section */

/* Begin XCConfigurationList section */
		C5EE21AC2545B3680054715C /* Build configuration list for PBXProject "ChuckNorrisJokes" */ = {
			isa = XCConfigurationList;
			buildConfigurations = (
				C5EE21C32545B36C0054715C /* Debug */,
				C5EE21C42545B36C0054715C /* Release */,
			);
			defaultConfigurationIsVisible = 0;
			defaultConfigurationName = Release;
		};
		C5EE21C52545B36C0054715C /* Build configuration list for PBXNativeTarget "ChuckNorrisJokes" */ = {
			isa = XCConfigurationList;
			buildConfigurations = (
				C5EE21C62545B36C0054715C /* Debug */,
				C5EE21C72545B36C0054715C /* Release */,
			);
			defaultConfigurationIsVisible = 0;
			defaultConfigurationName = Release;
		};
/* End XCConfigurationList section */
	};
	rootObject = C5EE21A92545B3680054715C /* Project object */;
}
